
Microsoft Visual Studio Solution File, Format Version 12.00
# Visual Studio Version 16
VisualStudioVersion = 16.0.30413.136
MinimumVisualStudioVersion = 15.0.26124.0
Project("{9A19103F-16F7-4668-BE54-9A1E7A4F7556}") = "Lab04_TicTacToe", "UnitTesting\Lab04_TicTacToe.csproj", "{2ACAC746-6821-4C26-9456-610AC19BFEA2}"
EndProject
Project("{FAE04EC0-301F-11D3-BF4B-00C04F79EFBC}") = "TicTacToe.Tests", "TicTacToe.Tests\TicTacToe.Tests.csproj", "{6089204F-DCE1-412E-94D7-B22FFFAD79B9}"
EndProject
Global
	GlobalSection(SolutionConfigurationPlatforms) = preSolution
		Debug|Any CPU = Debug|Any CPU
		Debug|x64 = Debug|x64
		Debug|x86 = Debug|x86
		Release|Any CPU = Release|Any CPU
		Release|x64 = Release|x64
		Release|x86 = Release|x86
	EndGlobalSection
	GlobalSection(ProjectConfigurationPlatforms) = postSolution
		{2ACAC746-6821-4C26-9456-610AC19BFEA2}.Debug|Any CPU.ActiveCfg = Debug|Any CPU
		{2ACAC746-6821-4C26-9456-610AC19BFEA2}.Debug|Any CPU.Build.0 = Debug|Any CPU
		{2ACAC746-6821-4C26-9456-610AC19BFEA2}.Debug|x64.ActiveCfg = Debug|Any CPU
		{2ACAC746-6821-4C26-9456-610AC19BFEA2}.Debug|x64.Build.0 = Debug|Any CPU
		{2ACAC746-6821-4C26-9456-610AC19BFEA2}.Debug|x86.ActiveCfg = Debug|Any CPU
		{2ACAC746-6821-4C26-9456-610AC19BFEA2}.Debug|x86.Build.0 = Debug|Any CPU
		{2ACAC746-6821-4C26-9456-610AC19BFEA2}.Release|Any CPU.ActiveCfg = Release|Any CPU
		{2ACAC746-6821-4C26-9456-610AC19BFEA2}.Release|Any CPU.Build.0 = Release|Any CPU
		{2ACAC746-6821-4C26-9456-610AC19BFEA2}.Release|x64.ActiveCfg = Release|Any CPU
		{2ACAC746-6821-4C26-9456-610AC19BFEA2}.Release|x64.Build.0 = Release|Any CPU
		{2ACAC746-6821-4C26-9456-610AC19BFEA2}.Release|x86.ActiveCfg = Release|Any CPU
		{2ACAC746-6821-4C26-9456-610AC19BFEA2}.Release|x86.Build.0 = Release|Any CPU
		{6089204F-DCE1-412E-94D7-B22FFFAD79B9}.Debug|Any CPU.ActiveCfg = Debug|Any CPU
		{6089204F-DCE1-412E-94D7-B22FFFAD79B9}.Debug|Any CPU.Build.0 = Debug|Any CPU
		{6089204F-DCE1-412E-94D7-B22FFFAD79B9}.Debug|x64.ActiveCfg = Debug|Any CPU
		{6089204F-DCE1-412E-94D7-B22FFFAD79B9}.Debug|x64.Build.0 = Debug|Any CPU
		{6089204F-DCE1-412E-94D7-B22FFFAD79B9}.Debug|x86.ActiveCfg = Debug|Any CPU
		{6089204F-DCE1-412E-94D7-B22FFFAD79B9}.Debug|x86.Build.0 = Debug|Any CPU
		{6089204F-DCE1-412E-94D7-B22FFFAD79B9}.Release|Any CPU.ActiveCfg = Release|Any CPU
		{6089204F-DCE1-412E-94D7-B22FFFAD79B9}.Release|Any CPU.Build.0 = Release|Any CPU
		{6089204F-DCE1-412E-94D7-B22FFFAD79B9}.Release|x64.ActiveCfg = Release|Any CPU
		{6089204F-DCE1-412E-94D7-B22FFFAD79B9}.Release|x64.Build.0 = Release|Any CPU
		{6089204F-DCE1-412E-94D7-B22FFFAD79B9}.Release|x86.ActiveCfg = Release|Any CPU
		{6089204F-DCE1-412E-94D7-B22FFFAD79B9}.Release|x86.Build.0 = Release|Any CPU
	EndGlobalSection
	GlobalSection(SolutionProperties) = preSolution
		HideSolutionNode = FALSE
	EndGlobalSection
	GlobalSection(ExtensibilityGlobals) = postSolution
		SolutionGuid = {0EC4C1BF-A138-46E4-8696-ECC4DC53A7FB}
	EndGlobalSection
EndGlobal
